
Microsoft Visual Studio Solution File, Format Version 12.00
# Visual Studio Version 16
VisualStudioVersion = 16.0.30503.244
MinimumVisualStudioVersion = 10.0.40219.1
Project("{FAE04EC0-301F-11D3-BF4B-00C04F79EFBC}") = "TicariOtomasyon", "TicariOtomasyon\TicariOtomasyon.csproj", "{3F4A8D4B-A00F-4BB3-BF9D-FAF361C04000}"
EndProject
Global
	GlobalSection(SolutionConfigurationPlatforms) = preSolution
		Debug|Any CPU = Debug|Any CPU
		Release|Any CPU = Release|Any CPU
	EndGlobalSection
	GlobalSection(ProjectConfigurationPlatforms) = postSolution
		{3F4A8D4B-A00F-4BB3-BF9D-FAF361C04000}.Debug|Any CPU.ActiveCfg = Debug|Any CPU
		{3F4A8D4B-A00F-4BB3-BF9D-FAF361C04000}.Debug|Any CPU.Build.0 = Debug|Any CPU
		{3F4A8D4B-A00F-4BB3-BF9D-FAF361C04000}.Release|Any CPU.ActiveCfg = Release|Any CPU
		{3F4A8D4B-A00F-4BB3-BF9D-FAF361C04000}.Release|Any CPU.Build.0 = Release|Any CPU
	EndGlobalSection
	GlobalSection(SolutionProperties) = preSolution
		HideSolutionNode = FALSE
	EndGlobalSection
	GlobalSection(ExtensibilityGlobals) = postSolution
		SolutionGuid = {4D19139D-656B-4E98-8809-2999FF95F5BE}
	EndGlobalSection
EndGlobal
